// !$*UTF8*$!
{
	archiveVersion = 1;
	classes = {
	};
	objectVersion = 77;
	objects = {

/* Begin PBXContainerItemProxy section */
		1DCA40932FCC74CA005884CE /* PBXContainerItemProxy */ = {
			isa = PBXContainerItemProxy;
			containerPortal = 1DCA407D2FCC74C9005884CE /* Project object */;
			proxyType = 1;
			remoteGlobalIDString = 1DCA40842FCC74C9005884CE;
			remoteInfo = ChigagoArt;
		};
		1DCA409D2FCC74CA005884CE /* PBXContainerItemProxy */ = {
			isa = PBXContainerItemProxy;
			containerPortal = 1DCA407D2FCC74C9005884CE /* Project object */;
			proxyType = 1;
			remoteGlobalIDString = 1DCA40842FCC74C9005884CE;
			remoteInfo = ChigagoArt;
		};
/* End PBXContainerItemProxy section */

/* Begin PBXFileReference section */
		1DCA40852FCC74C9005884CE /* ChigagoArt.app */ = {isa = PBXFileReference; explicitFileType = wrapper.application; includeInIndex = 0; path = ChigagoArt.app; sourceTree = BUILT_PRODUCTS_DIR; };
		1DCA40922FCC74CA005884CE /* ChigagoArtTests.xctest */ = {isa = PBXFileReference; explicitFileType = wrapper.cfbundle; includeInIndex = 0; path = ChigagoArtTests.xctest; sourceTree = BUILT_PRODUCTS_DIR; };
		1DCA409C2FCC74CA005884CE /* ChigagoArtUITests.xctest */ = {isa = PBXFileReference; explicitFileType = wrapper.cfbundle; includeInIndex = 0; path = ChigagoArtUITests.xctest; sourceTree = BUILT_PRODUCTS_DIR; };
/* End PBXFileReference section */

/* Begin PBXFileSystemSynchronizedRootGroup section */
		1DCA40872FCC74C9005884CE /* ChigagoArt */ = {
			isa = PBXFileSystemSynchronizedRootGroup;
			path = ChigagoArt;
			sourceTree = "<group>";
		};
		1DCA40952FCC74CA005884CE /* ChigagoArtTests */ = {
			isa = PBXFileSystemSynchronizedRootGroup;
			path = ChigagoArtTests;
			sourceTree = "<group>";
		};
		1DCA409F2FCC74CA005884CE /* ChigagoArtUITests */ = {
			isa = PBXFileSystemSynchronizedRootGroup;
			path = ChigagoArtUITests;
			sourceTree = "<group>";
		};
/* End PBXFileSystemSynchronizedRootGroup section */

/* Begin PBXFrameworksBuildPhase section */
		1DCA40822FCC74C9005884CE /* Frameworks */ = {
			isa = PBXFrameworksBuildPhase;
			buildActionMask = 2147483647;
			files = (
			);
			runOnlyForDeploymentPostprocessing = 0;
		};
		1DCA408F2FCC74CA005884CE /* Frameworks */ = {
			isa = PBXFrameworksBuildPhase;
			buildActionMask = 2147483647;
			files = (
			);
			runOnlyForDeploymentPostprocessing = 0;
		};
		1DCA40992FCC74CA005884CE /* Frameworks */ = {
			isa = PBXFrameworksBuildPhase;
			buildActionMask = 2147483647;
			files = (
			);
			runOnlyForDeploymentPostprocessing = 0;
		};
/* End PBXFrameworksBuildPhase section */

/* Begin PBXGroup section */
		1DCA407C2FCC74C9005884CE = {
			isa = PBXGroup;
			children = (
				1DCA40872FCC74C9005884CE /* ChigagoArt */,
				1DCA40952FCC74CA005884CE /* ChigagoArtTests */,
				1DCA409F2FCC74CA005884CE /* ChigagoArtUITests */,
				1DCA40862FCC74C9005884CE /* Products */,
			);
			sourceTree = "<group>";
		};
		1DCA40862FCC74C9005884CE /* Products */ = {
			isa = PBXGroup;
			children = (
				1DCA40852FCC74C9005884CE /* ChigagoArt.app */,
				1DCA40922FCC74CA005884CE /* ChigagoArtTests.xctest */,
				1DCA409C2FCC74CA005884CE /* ChigagoArtUITests.xctest */,
			);
			name = Products;
			sourceTree = "<group>";
		};
/* End PBXGroup section */

/* Begin PBXNativeTarget section */
		1DCA40842FCC74C9005884CE /* ChigagoArt */ = {
			isa = PBXNativeTarget;
			buildConfigurationList = 1DCA40A62FCC74CA005884CE /* Build configuration list for PBXNativeTarget "ChigagoArt" */;
			buildPhases = (
				1DCA40812FCC74C9005884CE /* Sources */,
				1DCA40822FCC74C9005884CE /* Frameworks */,
				1DCA40832FCC74C9005884CE /* Resources */,
			);
			buildRules = (
			);
			dependencies = (
			);
			fileSystemSynchronizedGroups = (
				1DCA40872FCC74C9005884CE /* ChigagoArt */,
			);
			name = ChigagoArt;
			packageProductDependencies = (
			);
			productName = ChigagoArt;
			productReference = 1DCA40852FCC74C9005884CE /* ChigagoArt.app */;
			productType = "com.apple.product-type.application";
		};
		1DCA40912FCC74CA005884CE /* ChigagoArtTests */ = {
			isa = PBXNativeTarget;
			buildConfigurationList = 1DCA40A92FCC74CA005884CE /* Build configuration list for PBXNativeTarget "ChigagoArtTests" */;
			buildPhases = (
				1DCA408E2FCC74CA005884CE /* Sources */,
				1DCA408F2FCC74CA005884CE /* Frameworks */,
				1DCA40902FCC74CA005884CE /* Resources */,
			);
			buildRules = (
			);
			dependencies = (
				1DCA40942FCC74CA005884CE /* PBXTargetDependency */,
			);
			fileSystemSynchronizedGroups = (
				1DCA40952FCC74CA005884CE /* ChigagoArtTests */,
			);
			name = ChigagoArtTests;
			packageProductDependencies = (
			);
			productName = ChigagoArtTests;
			productReference = 1DCA40922FCC74CA005884CE /* ChigagoArtTests.xctest */;
			productType = "com.apple.product-type.bundle.unit-test";
		};
		1DCA409B2FCC74CA005884CE /* ChigagoArtUITests */ = {
			isa = PBXNativeTarget;
			buildConfigurationList = 1DCA40AC2FCC74CA005884CE /* Build configuration list for PBXNativeTarget "ChigagoArtUITests" */;
			buildPhases = (
				1DCA40982FCC74CA005884CE /* Sources */,
				1DCA40992FCC74CA005884CE /* Frameworks */,
				1DCA409A2FCC74CA005884CE /* Resources */,
			);
			buildRules = (
			);
			dependencies = (
				1DCA409E2FCC74CA005884CE /* PBXTargetDependency */,
			);
			fileSystemSynchronizedGroups = (
				1DCA409F2FCC74CA005884CE /* ChigagoArtUITests */,
			);
			name = ChigagoArtUITests;
			packageProductDependencies = (
			);
			productName = ChigagoArtUITests;
			productReference = 1DCA409C2FCC74CA005884CE /* ChigagoArtUITests.xctest */;
			productType = "com.apple.product-type.bundle.ui-testing";
		};
/* End PBXNativeTarget section */

/* Begin PBXProject section */
		1DCA407D2FCC74C9005884CE /* Project object */ = {
			isa = PBXProject;
			attributes = {
				BuildIndependentTargetsInParallel = 1;
				LastSwiftUpdateCheck = 2630;
				LastUpgradeCheck = 2630;
				TargetAttributes = {
					1DCA40842FCC74C9005884CE = {
						CreatedOnToolsVersion = 26.3;
					};
					1DCA40912FCC74CA005884CE = {
						CreatedOnToolsVersion = 26.3;
						TestTargetID = 1DCA40842FCC74C9005884CE;
					};
					1DCA409B2FCC74CA005884CE = {
						CreatedOnToolsVersion = 26.3;
						TestTargetID = 1DCA40842FCC74C9005884CE;
					};
				};
			};
			buildConfigurationList = 1DCA40802FCC74C9005884CE /* Build configuration list for PBXProject "ChigagoArt" */;
			developmentRegion = en;
			hasScannedForEncodings = 0;
			knownRegions = (
				en,
				Base,
			);
			mainGroup = 1DCA407C2FCC74C9005884CE;
			minimizedProjectReferenceProxies = 1;
			preferredProjectObjectVersion = 77;
			productRefGroup = 1DCA40862FCC74C9005884CE /* Products */;
			projectDirPath = "";
			projectRoot = "";
			targets = (
				1DCA40842FCC74C9005884CE /* ChigagoArt */,
				1DCA40912FCC74CA005884CE /* ChigagoArtTests */,
				1DCA409B2FCC74CA005884CE /* ChigagoArtUITests */,
			);
		};
/* End PBXProject section */

/* Begin PBXResourcesBuildPhase section */
		1DCA40832FCC74C9005884CE /* Resources */ = {
			isa = PBXResourcesBuildPhase;
			buildActionMask = 2147483647;
			files = (
			);
			runOnlyForDeploymentPostprocessing = 0;
		};
		1DCA40902FCC74CA005884CE /* Resources */ = {
			isa = PBXResourcesBuildPhase;
			buildActionMask = 2147483647;
			files = (
			);
			runOnlyForDeploymentPostprocessing = 0;
		};
		1DCA409A2FCC74CA005884CE /* Resources */ = {
			isa = PBXResourcesBuildPhase;
			buildActionMask = 2147483647;
			files = (
			);
			runOnlyForDeploymentPostprocessing = 0;
		};
/* End PBXResourcesBuildPhase section */

/* Begin PBXSourcesBuildPhase section */
		1DCA40812FCC74C9005884CE /* Sources */ = {
			isa = PBXSourcesBuildPhase;
			buildActionMask = 2147483647;
			files = (
			);
			runOnlyForDeploymentPostprocessing = 0;
		};
		1DCA408E2FCC74CA005884CE /* Sources */ = {
			isa = PBXSourcesBuildPhase;
			buildActionMask = 2147483647;
			files = (
			);
			runOnlyForDeploymentPostprocessing = 0;
		};
		1DCA40982FCC74CA005884CE /* Sources */ = {
			isa = PBXSourcesBuildPhase;
			buildActionMask = 2147483647;
			files = (
			);
			runOnlyForDeploymentPostprocessing = 0;
		};
/* End PBXSourcesBuildPhase section */

/* Begin PBXTargetDependency section */
		1DCA40942FCC74CA005884CE /* PBXTargetDependency */ = {
			isa = PBXTargetDependency;
			target = 1DCA40842FCC74C9005884CE /* ChigagoArt */;
			targetProxy = 1DCA40932FCC74CA005884CE /* PBXContainerItemProxy */;
		};
		1DCA409E2FCC74CA005884CE /* PBXTargetDependency */ = {
			isa = PBXTargetDependency;
			target = 1DCA40842FCC74C9005884CE /* ChigagoArt */;
			targetProxy = 1DCA409D2FCC74CA005884CE /* PBXContainerItemProxy */;
		};
/* End PBXTargetDependency section */

/* Begin XCBuildConfiguration section */
		1DCA40A42FCC74CA005884CE /* Debug */ = {
			isa = XCBuildConfiguration;
			buildSettings = {
				ALWAYS_SEARCH_USER_PATHS = NO;
				ASSETCATALOG_COMPILER_GENERATE_SWIFT_ASSET_SYMBOL_EXTENSIONS = YES;
				CLANG_ANALYZER_NONNULL = YES;
				CLANG_ANALYZER_NUMBER_OBJECT_CONVERSION = YES_AGGRESSIVE;
				CLANG_CXX_LANGUAGE_STANDARD = "gnu++20";
				CLANG_ENABLE_MODULES = YES;
				CLANG_ENABLE_OBJC_ARC = YES;
				CLANG_ENABLE_OBJC_WEAK = YES;
				CLANG_WARN_BLOCK_CAPTURE_AUTORELEASING = YES;
				CLANG_WARN_BOOL_CONVERSION = YES;
				CLANG_WARN_COMMA = YES;
				CLANG_WARN_CONSTANT_CONVERSION = YES;
				CLANG_WARN_DEPRECATED_OBJC_IMPLEMENTATIONS = YES;
				CLANG_WARN_DIRECT_OBJC_ISA_USAGE = YES_ERROR;
				CLANG_WARN_DOCUMENTATION_COMMENTS = YES;
				CLANG_WARN_EMPTY_BODY = YES;
				CLANG_WARN_ENUM_CONVERSION = YES;
				CLANG_WARN_INFINITE_RECURSION = YES;
				CLANG_WARN_INT_CONVERSION = YES;
				CLANG_WARN_NON_LITERAL_NULL_CONVERSION = YES;
				CLANG_WARN_OBJC_IMPLICIT_RETAIN_SELF = YES;
				CLANG_WARN_OBJC_LITERAL_CONVERSION = YES;
				CLANG_WARN_OBJC_ROOT_CLASS = YES_ERROR;
				CLANG_WARN_QUOTED_INCLUDE_IN_FRAMEWORK_HEADER = YES;
				CLANG_WARN_RANGE_LOOP_ANALYSIS = YES;
				CLANG_WARN_STRICT_PROTOTYPES = YES;
				CLANG_WARN_SUSPICIOUS_MOVE = YES;
				CLANG_WARN_UNGUARDED_AVAILABILITY = YES_AGGRESSIVE;
				CLANG_WARN_UNREACHABLE_CODE = YES;
				CLANG_WARN__DUPLICATE_METHOD_MATCH = YES;
				COPY_PHASE_STRIP = NO;
				DEBUG_INFORMATION_FORMAT = dwarf;
				DEVELOPMENT_TEAM = R2MTNPD432;
				ENABLE_STRICT_OBJC_MSGSEND = YES;
				ENABLE_TESTABILITY = YES;
				ENABLE_USER_SCRIPT_SANDBOXING = YES;
				GCC_C_LANGUAGE_STANDARD = gnu17;
				GCC_DYNAMIC_NO_PIC = NO;
				GCC_NO_COMMON_BLOCKS = YES;
				GCC_OPTIMIZATION_LEVEL = 0;
				GCC_PREPROCESSOR_DEFINITIONS = (
					"DEBUG=1",
					"$(inherited)",
				);
				GCC_WARN_64_TO_32_BIT_CONVERSION = YES;
				GCC_WARN_ABOUT_RETURN_TYPE = YES_ERROR;
				GCC_WARN_UNDECLARED_SELECTOR = YES;
				GCC_WARN_UNINITIALIZED_AUTOS = YES_AGGRESSIVE;
				GCC_WARN_UNUSED_FUNCTION = YES;
				GCC_WARN_UNUSED_VARIABLE = YES;
				LOCALIZATION_PREFERS_STRING_CATALOGS = YES;
				MACOSX_DEPLOYMENT_TARGET = 15.6;
				MTL_ENABLE_DEBUG_INFO = INCLUDE_SOURCE;
				MTL_FAST_MATH = YES;
				ONLY_ACTIVE_ARCH = YES;
				SDKROOT = macosx;
				SWIFT_ACTIVE_COMPILATION_CONDITIONS = "DEBUG $(inherited)";
				SWIFT_OPTIMIZATION_LEVEL = "-Onone";
			};
			name = Debug;
		};
		1DCA40A52FCC74CA005884CE /* Release */ = {
			isa = XCBuildConfiguration;
			buildSettings = {
				ALWAYS_SEARCH_USER_PATHS = NO;
				ASSETCATALOG_COMPILER_GENERATE_SWIFT_ASSET_SYMBOL_EXTENSIONS = YES;
				CLANG_ANALYZER_NONNULL = YES;
				CLANG_ANALYZER_NUMBER_OBJECT_CONVERSION = YES_AGGRESSIVE;
				CLANG_CXX_LANGUAGE_STANDARD = "gnu++20";
				CLANG_ENABLE_MODULES = YES;
				CLANG_ENABLE_OBJC_ARC = YES;
				CLANG_ENABLE_OBJC_WEAK = YES;
				CLANG_WARN_BLOCK_CAPTURE_AUTORELEASING = YES;
				CLANG_WARN_BOOL_CONVERSION = YES;
				CLANG_WARN_COMMA = YES;
				CLANG_WARN_CONSTANT_CONVERSION = YES;
				CLANG_WARN_DEPRECATED_OBJC_IMPLEMENTATIONS = YES;
				CLANG_WARN_DIRECT_OBJC_ISA_USAGE = YES_ERROR;
				CLANG_WARN_DOCUMENTATION_COMMENTS = YES;
				CLANG_WARN_EMPTY_BODY = YES;
				CLANG_WARN_ENUM_CONVERSION = YES;
				CLANG_WARN_INFINITE_RECURSION = YES;
				CLANG_WARN_INT_CONVERSION = YES;
				CLANG_WARN_NON_LITERAL_NULL_CONVERSION = YES;
				CLANG_WARN_OBJC_IMPLICIT_RETAIN_SELF = YES;
				CLANG_WARN_OBJC_LITERAL_CONVERSION = YES;
				CLANG_WARN_OBJC_ROOT_CLASS = YES_ERROR;
				CLANG_WARN_QUOTED_INCLUDE_IN_FRAMEWORK_HEADER = YES;
				CLANG_WARN_RANGE_LOOP_ANALYSIS = YES;
				CLANG_WARN_STRICT_PROTOTYPES = YES;
				CLANG_WARN_SUSPICIOUS_MOVE = YES;
				CLANG_WARN_UNGUARDED_AVAILABILITY = YES_AGGRESSIVE;
				CLANG_WARN_UNREACHABLE_CODE = YES;
				CLANG_WARN__DUPLICATE_METHOD_MATCH = YES;
				COPY_PHASE_STRIP = NO;
				DEBUG_INFORMATION_FORMAT = "dwarf-with-dsym";
				DEVELOPMENT_TEAM = R2MTNPD432;
				ENABLE_NS_ASSERTIONS = NO;
				ENABLE_STRICT_OBJC_MSGSEND = YES;
				ENABLE_USER_SCRIPT_SANDBOXING = YES;
				GCC_C_LANGUAGE_STANDARD = gnu17;
				GCC_NO_COMMON_BLOCKS = YES;
				GCC_WARN_64_TO_32_BIT_CONVERSION = YES;
				GCC_WARN_ABOUT_RETURN_TYPE = YES_ERROR;
				GCC_WARN_UNDECLARED_SELECTOR = YES;
				GCC_WARN_UNINITIALIZED_AUTOS = YES_AGGRESSIVE;
				GCC_WARN_UNUSED_FUNCTION = YES;
				GCC_WARN_UNUSED_VARIABLE = YES;
				LOCALIZATION_PREFERS_STRING_CATALOGS = YES;
				MACOSX_DEPLOYMENT_TARGET = 15.6;
				MTL_ENABLE_DEBUG_INFO = NO;
				MTL_FAST_MATH = YES;
				SDKROOT = macosx;
				SWIFT_COMPILATION_MODE = wholemodule;
			};
			name = Release;
		};
		1DCA40A72FCC74CA005884CE /* Debug */ = {
			isa = XCBuildConfiguration;
			buildSettings = {
				ASSETCATALOG_COMPILER_APPICON_NAME = AppIcon;
				ASSETCATALOG_COMPILER_GLOBAL_ACCENT_COLOR_NAME = AccentColor;
				CODE_SIGN_STYLE = Automatic;
				COMBINE_HIDPI_IMAGES = YES;
				CURRENT_PROJECT_VERSION = 1;
				DEVELOPMENT_TEAM = R2MTNPD432;
				ENABLE_APP_SANDBOX = YES;
				ENABLE_HARDENED_RUNTIME = YES;
				ENABLE_PREVIEWS = YES;
				ENABLE_USER_SELECTED_FILES = readonly;
				GENERATE_INFOPLIST_FILE = YES;
				INFOPLIST_KEY_NSHumanReadableCopyright = "";
				LD_RUNPATH_SEARCH_PATHS = (
					"$(inherited)",
					"@executable_path/../Frameworks",
				);
				MARKETING_VERSION = 1.0;
				PRODUCT_BUNDLE_IDENTIFIER = Swans.ChigagoArt;
				PRODUCT_NAME = "$(TARGET_NAME)";
				REGISTER_APP_GROUPS = YES;
				STRING_CATALOG_GENERATE_SYMBOLS = YES;
				SWIFT_APPROACHABLE_CONCURRENCY = YES;
				SWIFT_DEFAULT_ACTOR_ISOLATION = MainActor;
				SWIFT_EMIT_LOC_STRINGS = YES;
				SWIFT_UPCOMING_FEATURE_MEMBER_IMPORT_VISIBILITY = YES;
				SWIFT_VERSION = 5.0;
			};
			name = Debug;
		};
		1DCA40A82FCC74CA005884CE /* Release */ = {
			isa = XCBuildConfiguration;
			buildSettings = {
				ASSETCATALOG_COMPILER_APPICON_NAME = AppIcon;
				ASSETCATALOG_COMPILER_GLOBAL_ACCENT_COLOR_NAME = AccentColor;
				CODE_SIGN_STYLE = Automatic;
				COMBINE_HIDPI_IMAGES = YES;
				CURRENT_PROJECT_VERSION = 1;
				DEVELOPMENT_TEAM = R2MTNPD432;
				ENABLE_APP_SANDBOX = YES;
				ENABLE_HARDENED_RUNTIME = YES;
				ENABLE_PREVIEWS = YES;
				ENABLE_USER_SELECTED_FILES = readonly;
				GENERATE_INFOPLIST_FILE = YES;
				INFOPLIST_KEY_NSHumanReadableCopyright = "";
				LD_RUNPATH_SEARCH_PATHS = (
					"$(inherited)",
					"@executable_path/../Frameworks",
				);
				MARKETING_VERSION = 1.0;
				PRODUCT_BUNDLE_IDENTIFIER = Swans.ChigagoArt;
				PRODUCT_NAME = "$(TARGET_NAME)";
				REGISTER_APP_GROUPS = YES;
				STRING_CATALOG_GENERATE_SYMBOLS = YES;
				SWIFT_APPROACHABLE_CONCURRENCY = YES;
				SWIFT_DEFAULT_ACTOR_ISOLATION = MainActor;
				SWIFT_EMIT_LOC_STRINGS = YES;
				SWIFT_UPCOMING_FEATURE_MEMBER_IMPORT_VISIBILITY = YES;
				SWIFT_VERSION = 5.0;
			};
			name = Release;
		};
		1DCA40AA2FCC74CA005884CE /* Debug */ = {
			isa = XCBuildConfiguration;
			buildSettings = {
				BUNDLE_LOADER = "$(TEST_HOST)";
				CODE_SIGN_STYLE = Automatic;
				CURRENT_PROJECT_VERSION = 1;
				DEVELOPMENT_TEAM = R2MTNPD432;
				GENERATE_INFOPLIST_FILE = YES;
				MACOSX_DEPLOYMENT_TARGET = 15.6;
				MARKETING_VERSION = 1.0;
				PRODUCT_BUNDLE_IDENTIFIER = Swans.ChigagoArtTests;
				PRODUCT_NAME = "$(TARGET_NAME)";
				STRING_CATALOG_GENERATE_SYMBOLS = NO;
				SWIFT_APPROACHABLE_CONCURRENCY = YES;
				SWIFT_EMIT_LOC_STRINGS = NO;
				SWIFT_UPCOMING_FEATURE_MEMBER_IMPORT_VISIBILITY = YES;
				SWIFT_VERSION = 5.0;
				TEST_HOST = "$(BUILT_PRODUCTS_DIR)/ChigagoArt.app/$(BUNDLE_EXECUTABLE_FOLDER_PATH)/ChigagoArt";
			};
			name = Debug;
		};
		1DCA40AB2FCC74CA005884CE /* Release */ = {
			isa = XCBuildConfiguration;
			buildSettings = {
				BUNDLE_LOADER = "$(TEST_HOST)";
				CODE_SIGN_STYLE = Automatic;
				CURRENT_PROJECT_VERSION = 1;
				DEVELOPMENT_TEAM = R2MTNPD432;
				GENERATE_INFOPLIST_FILE = YES;
				MACOSX_DEPLOYMENT_TARGET = 15.6;
				MARKETING_VERSION = 1.0;
				PRODUCT_BUNDLE_IDENTIFIER = Swans.ChigagoArtTests;
				PRODUCT_NAME = "$(TARGET_NAME)";
				STRING_CATALOG_GENERATE_SYMBOLS = NO;
				SWIFT_APPROACHABLE_CONCURRENCY = YES;
				SWIFT_EMIT_LOC_STRINGS = NO;
				SWIFT_UPCOMING_FEATURE_MEMBER_IMPORT_VISIBILITY = YES;
				SWIFT_VERSION = 5.0;
				TEST_HOST = "$(BUILT_PRODUCTS_DIR)/ChigagoArt.app/$(BUNDLE_EXECUTABLE_FOLDER_PATH)/ChigagoArt";
			};
			name = Release;
		};
		1DCA40AD2FCC74CA005884CE /* Debug */ = {
			isa = XCBuildConfiguration;
			buildSettings = {
				CODE_SIGN_STYLE = Automatic;
				CURRENT_PROJECT_VERSION = 1;
				DEVELOPMENT_TEAM = R2MTNPD432;
				GENERATE_INFOPLIST_FILE = YES;
				MARKETING_VERSION = 1.0;
				PRODUCT_BUNDLE_IDENTIFIER = Swans.ChigagoArtUITests;
				PRODUCT_NAME = "$(TARGET_NAME)";
				STRING_CATALOG_GENERATE_SYMBOLS = NO;
				SWIFT_APPROACHABLE_CONCURRENCY = YES;
				SWIFT_EMIT_LOC_STRINGS = NO;
				SWIFT_UPCOMING_FEATURE_MEMBER_IMPORT_VISIBILITY = YES;
				SWIFT_VERSION = 5.0;
				TEST_TARGET_NAME = ChigagoArt;
			};
			name = Debug;
		};
		1DCA40AE2FCC74CA005884CE /* Release */ = {
			isa = XCBuildConfiguration;
			buildSettings = {
				CODE_SIGN_STYLE = Automatic;
				CURRENT_PROJECT_VERSION = 1;
				DEVELOPMENT_TEAM = R2MTNPD432;
				GENERATE_INFOPLIST_FILE = YES;
				MARKETING_VERSION = 1.0;
				PRODUCT_BUNDLE_IDENTIFIER = Swans.ChigagoArtUITests;
				PRODUCT_NAME = "$(TARGET_NAME)";
				STRING_CATALOG_GENERATE_SYMBOLS = NO;
				SWIFT_APPROACHABLE_CONCURRENCY = YES;
				SWIFT_EMIT_LOC_STRINGS = NO;
				SWIFT_UPCOMING_FEATURE_MEMBER_IMPORT_VISIBILITY = YES;
				SWIFT_VERSION = 5.0;
				TEST_TARGET_NAME = ChigagoArt;
			};
			name = Release;
		};
/* End XCBuildConfiguration section */

/* Begin XCConfigurationList section */
		1DCA40802FCC74C9005884CE /* Build configuration list for PBXProject "ChigagoArt" */ = {
			isa = XCConfigurationList;
			buildConfigurations = (
				1DCA40A42FCC74CA005884CE /* Debug */,
				1DCA40A52FCC74CA005884CE /* Release */,
			);
			defaultConfigurationIsVisible = 0;
			defaultConfigurationName = Release;
		};
		1DCA40A62FCC74CA005884CE /* Build configuration list for PBXNativeTarget "ChigagoArt" */ = {
			isa = XCConfigurationList;
			buildConfigurations = (
				1DCA40A72FCC74CA005884CE /* Debug */,
				1DCA40A82FCC74CA005884CE /* Release */,
			);
			defaultConfigurationIsVisible = 0;
			defaultConfigurationName = Release;
		};
		1DCA40A92FCC74CA005884CE /* Build configuration list for PBXNativeTarget "ChigagoArtTests" */ = {
			isa = XCConfigurationList;
			buildConfigurations = (
				1DCA40AA2FCC74CA005884CE /* Debug */,
				1DCA40AB2FCC74CA005884CE /* Release */,
			);
			defaultConfigurationIsVisible = 0;
			defaultConfigurationName = Release;
		};
		1DCA40AC2FCC74CA005884CE /* Build configuration list for PBXNativeTarget "ChigagoArtUITests" */ = {
			isa = XCConfigurationList;
			buildConfigurations = (
				1DCA40AD2FCC74CA005884CE /* Debug */,
				1DCA40AE2FCC74CA005884CE /* Release */,
			);
			defaultConfigurationIsVisible = 0;
			defaultConfigurationName = Release;
		};
/* End XCConfigurationList section */
	};
	rootObject = 1DCA407D2FCC74C9005884CE /* Project object */;
}
